
Microsoft Visual Studio Solution File, Format Version 12.00
# Visual Studio Version 17
VisualStudioVersion = 17.8.34601.278
MinimumVisualStudioVersion = 10.0.40219.1
Project("{9A19103F-16F7-4668-BE54-9A1E7A4F7556}") = "Bank_Users", "Bank_Users\Bank_Users.csproj", "{3A496F6F-C84F-4210-8384-603CD741F6E2}"
EndProject
Project("{9A19103F-16F7-4668-BE54-9A1E7A4F7556}") = "Users.Infra", "Users.Infra\Users.Infra.csproj", "{85DF3F93-6927-446C-B22A-BD436AB3452B}"
EndProject
Project("{9A19103F-16F7-4668-BE54-9A1E7A4F7556}") = "Bank_Users.Domain", "Bank_Users.Domain\Bank_Users.Domain.csproj", "{84435B3A-82FB-42AB-BA46-35E303EE5ECC}"
EndProject
Project("{FAE04EC0-301F-11D3-BF4B-00C04F79EFBC}") = "Users.App", "Users.App\Users.App.csproj", "{6B12D516-D9A5-46F8-9222-211F22DE7B5A}"
EndProject
Global
	GlobalSection(SolutionConfigurationPlatforms) = preSolution
		Debug|Any CPU = Debug|Any CPU
		Release|Any CPU = Release|Any CPU
	EndGlobalSection
	GlobalSection(ProjectConfigurationPlatforms) = postSolution
		{3A496F6F-C84F-4210-8384-603CD741F6E2}.Debug|Any CPU.ActiveCfg = Debug|Any CPU
		{3A496F6F-C84F-4210-8384-603CD741F6E2}.Debug|Any CPU.Build.0 = Debug|Any CPU
		{3A496F6F-C84F-4210-8384-603CD741F6E2}.Release|Any CPU.ActiveCfg = Release|Any CPU
		{3A496F6F-C84F-4210-8384-603CD741F6E2}.Release|Any CPU.Build.0 = Release|Any CPU
		{85DF3F93-6927-446C-B22A-BD436AB3452B}.Debug|Any CPU.ActiveCfg = Debug|Any CPU
		{85DF3F93-6927-446C-B22A-BD436AB3452B}.Debug|Any CPU.Build.0 = Debug|Any CPU
		{85DF3F93-6927-446C-B22A-BD436AB3452B}.Release|Any CPU.ActiveCfg = Release|Any CPU
		{85DF3F93-6927-446C-B22A-BD436AB3452B}.Release|Any CPU.Build.0 = Release|Any CPU
		{84435B3A-82FB-42AB-BA46-35E303EE5ECC}.Debug|Any CPU.ActiveCfg = Debug|Any CPU
		{84435B3A-82FB-42AB-BA46-35E303EE5ECC}.Debug|Any CPU.Build.0 = Debug|Any CPU
		{84435B3A-82FB-42AB-BA46-35E303EE5ECC}.Release|Any CPU.ActiveCfg = Release|Any CPU
		{84435B3A-82FB-42AB-BA46-35E303EE5ECC}.Release|Any CPU.Build.0 = Release|Any CPU
		{6B12D516-D9A5-46F8-9222-211F22DE7B5A}.Debug|Any CPU.ActiveCfg = Debug|Any CPU
		{6B12D516-D9A5-46F8-9222-211F22DE7B5A}.Debug|Any CPU.Build.0 = Debug|Any CPU
		{6B12D516-D9A5-46F8-9222-211F22DE7B5A}.Release|Any CPU.ActiveCfg = Release|Any CPU
		{6B12D516-D9A5-46F8-9222-211F22DE7B5A}.Release|Any CPU.Build.0 = Release|Any CPU
	EndGlobalSection
	GlobalSection(SolutionProperties) = preSolution
		HideSolutionNode = FALSE
	EndGlobalSection
	GlobalSection(ExtensibilityGlobals) = postSolution
		SolutionGuid = {F2FFB757-5780-41FF-9528-1B84EDA0BC9F}
	EndGlobalSection
EndGlobal
